
Microsoft Visual Studio Solution File, Format Version 12.00
# Visual Studio 15
Project("{FAE04EC0-301F-11D3-BF4B-00C04F79EFBC}") = "Assembly-CSharp", "Assembly-CSharp.csproj", "{C67261B5-8E17-774F-D081-662FB831EEFC}"
EndProject
Global
	GlobalSection(SolutionConfigurationPlatforms) = preSolution
		Debug|Any CPU = Debug|Any CPU
		Release|Any CPU = Release|Any CPU
	EndGlobalSection
	GlobalSection(ProjectConfigurationPlatforms) = postSolution
		{C67261B5-8E17-774F-D081-662FB831EEFC}.Debug|Any CPU.ActiveCfg = Debug|Any CPU
		{C67261B5-8E17-774F-D081-662FB831EEFC}.Debug|Any CPU.Build.0 = Debug|Any CPU
		{C67261B5-8E17-774F-D081-662FB831EEFC}.Release|Any CPU.ActiveCfg = Release|Any CPU
		{C67261B5-8E17-774F-D081-662FB831EEFC}.Release|Any CPU.Build.0 = Release|Any CPU
	EndGlobalSection
	GlobalSection(SolutionProperties) = preSolution
		HideSolutionNode = FALSE
	EndGlobalSection
EndGlobal
